// !$*UTF8*$!
{
	archiveVersion = 1;
	classes = {
	};
	objectVersion = 51;
	objects = {

/* Begin PBXBuildFile section */
		27066BEE4A20598B356D839F /* Pods_eMarkt.framework in Frameworks */ = {isa = PBXBuildFile; fileRef = 99F4957980F6A9B45FADE531 /* Pods_eMarkt.framework */; };
		FA5E21BD24A78AAC00055A9D /* Basket.swift in Sources */ = {isa = PBXBuildFile; fileRef = FA5E21BC24A78AAC00055A9D /* Basket.swift */; };
		FA5E21BF24A79EF900055A9D /* BasketViewController.swift in Sources */ = {isa = PBXBuildFile; fileRef = FA5E21BE24A79EF900055A9D /* BasketViewController.swift */; };
		FA5E21C124A7CC7300055A9D /* WelcomeViewController.swift in Sources */ = {isa = PBXBuildFile; fileRef = FA5E21C024A7CC7300055A9D /* WelcomeViewController.swift */; };
		FA5E21C324A7CEDA00055A9D /* MUser.swift in Sources */ = {isa = PBXBuildFile; fileRef = FA5E21C224A7CEDA00055A9D /* MUser.swift */; };
		FA5E21C524A7EF5100055A9D /* ProfileTableViewController.swift in Sources */ = {isa = PBXBuildFile; fileRef = FA5E21C424A7EF5100055A9D /* ProfileTableViewController.swift */; };
		FA5E21C724A7F61A00055A9D /* DetailsViewController.swift in Sources */ = {isa = PBXBuildFile; fileRef = FA5E21C624A7F61A00055A9D /* DetailsViewController.swift */; };
		FA5E21CA24A8043E00055A9D /* EditProfileViewController.swift in Sources */ = {isa = PBXBuildFile; fileRef = FA5E21C924A8043E00055A9D /* EditProfileViewController.swift */; };
		FADBC41424A5F4D00000C38A /* AppDelegate.swift in Sources */ = {isa = PBXBuildFile; fileRef = FADBC41324A5F4D00000C38A /* AppDelegate.swift */; };
		FADBC41624A5F4D00000C38A /* SceneDelegate.swift in Sources */ = {isa = PBXBuildFile; fileRef = FADBC41524A5F4D00000C38A /* SceneDelegate.swift */; };
		FADBC41B24A5F4D00000C38A /* Main.storyboard in Resources */ = {isa = PBXBuildFile; fileRef = FADBC41924A5F4D00000C38A /* Main.storyboard */; };
		FADBC41E24A5F4D10000C38A /* eMarkt.xcdatamodeld in Sources */ = {isa = PBXBuildFile; fileRef = FADBC41C24A5F4D10000C38A /* eMarkt.xcdatamodeld */; };
		FADBC42024A5F4D40000C38A /* Assets.xcassets in Resources */ = {isa = PBXBuildFile; fileRef = FADBC41F24A5F4D40000C38A /* Assets.xcassets */; };
		FADBC42324A5F4D40000C38A /* LaunchScreen.storyboard in Resources */ = {isa = PBXBuildFile; fileRef = FADBC42124A5F4D40000C38A /* LaunchScreen.storyboard */; };
		FAF5986E24A602CD009B45B9 /* CategoryCollectionViewController.swift in Sources */ = {isa = PBXBuildFile; fileRef = FAF5986D24A602CD009B45B9 /* CategoryCollectionViewController.swift */; };
		FAF5987024A60380009B45B9 /* CategoryCollectionViewCell.swift in Sources */ = {isa = PBXBuildFile; fileRef = FAF5986F24A60380009B45B9 /* CategoryCollectionViewCell.swift */; };
		FAF5987224A6058A009B45B9 /* GoogleService-Info.plist in Resources */ = {isa = PBXBuildFile; fileRef = FAF5987124A6058A009B45B9 /* GoogleService-Info.plist */; };
		FAF5987424A606E0009B45B9 /* FirebaseCollectionReference.swift in Sources */ = {isa = PBXBuildFile; fileRef = FAF5987324A606E0009B45B9 /* FirebaseCollectionReference.swift */; };
		FAF5987924A60A07009B45B9 /* Category.swift in Sources */ = {isa = PBXBuildFile; fileRef = FAF5987824A60A07009B45B9 /* Category.swift */; };
		FAF5987C24A60BA5009B45B9 /* Constants.swift in Sources */ = {isa = PBXBuildFile; fileRef = FAF5987B24A60BA5009B45B9 /* Constants.swift */; };
		FAF5987E24A63C76009B45B9 /* ItemsTableViewController.swift in Sources */ = {isa = PBXBuildFile; fileRef = FAF5987D24A63C76009B45B9 /* ItemsTableViewController.swift */; };
		FAF5988024A63DE4009B45B9 /* Item.swift in Sources */ = {isa = PBXBuildFile; fileRef = FAF5987F24A63DE4009B45B9 /* Item.swift */; };
		FAF5988224A6457D009B45B9 /* AddItemViewController.swift in Sources */ = {isa = PBXBuildFile; fileRef = FAF5988124A6457D009B45B9 /* AddItemViewController.swift */; };
		FAF5988424A66721009B45B9 /* Reachability.swift in Sources */ = {isa = PBXBuildFile; fileRef = FAF5988324A66721009B45B9 /* Reachability.swift */; };
		FAF5988624A66862009B45B9 /* Downloader.swift in Sources */ = {isa = PBXBuildFile; fileRef = FAF5988524A66862009B45B9 /* Downloader.swift */; };
		FAF5988A24A696C5009B45B9 /* ItemTableViewCell.swift in Sources */ = {isa = PBXBuildFile; fileRef = FAF5988924A696C5009B45B9 /* ItemTableViewCell.swift */; };
		FAF5988C24A6A92F009B45B9 /* HelperFunctions.swift in Sources */ = {isa = PBXBuildFile; fileRef = FAF5988B24A6A92F009B45B9 /* HelperFunctions.swift */; };
		FAF5988E24A6B0E0009B45B9 /* ItemViewController.swift in Sources */ = {isa = PBXBuildFile; fileRef = FAF5988D24A6B0E0009B45B9 /* ItemViewController.swift */; };
		FAF5989024A6B457009B45B9 /* ImageCollectionViewCell.swift in Sources */ = {isa = PBXBuildFile; fileRef = FAF5988F24A6B457009B45B9 /* ImageCollectionViewCell.swift */; };
/* End PBXBuildFile section */

/* Begin PBXFileReference section */
		3F96A8BF17ED63806F309303 /* Pods-eMarkt.debug.xcconfig */ = {isa = PBXFileReference; includeInIndex = 1; lastKnownFileType = text.xcconfig; name = "Pods-eMarkt.debug.xcconfig"; path = "Target Support Files/Pods-eMarkt/Pods-eMarkt.debug.xcconfig"; sourceTree = "<group>"; };
		8DE8475DC468E70D43E637B0 /* Pods-eMarkt.release.xcconfig */ = {isa = PBXFileReference; includeInIndex = 1; lastKnownFileType = text.xcconfig; name = "Pods-eMarkt.release.xcconfig"; path = "Target Support Files/Pods-eMarkt/Pods-eMarkt.release.xcconfig"; sourceTree = "<group>"; };
		99F4957980F6A9B45FADE531 /* Pods_eMarkt.framework */ = {isa = PBXFileReference; explicitFileType = wrapper.framework; includeInIndex = 0; path = Pods_eMarkt.framework; sourceTree = BUILT_PRODUCTS_DIR; };
		FA5E21BC24A78AAC00055A9D /* Basket.swift */ = {isa = PBXFileReference; lastKnownFileType = sourcecode.swift; path = Basket.swift; sourceTree = "<group>"; };
		FA5E21BE24A79EF900055A9D /* BasketViewController.swift */ = {isa = PBXFileReference; lastKnownFileType = sourcecode.swift; path = BasketViewController.swift; sourceTree = "<group>"; };
		FA5E21C024A7CC7300055A9D /* WelcomeViewController.swift */ = {isa = PBXFileReference; lastKnownFileType = sourcecode.swift; path = WelcomeViewController.swift; sourceTree = "<group>"; };
		FA5E21C224A7CEDA00055A9D /* MUser.swift */ = {isa = PBXFileReference; lastKnownFileType = sourcecode.swift; path = MUser.swift; sourceTree = "<group>"; };
		FA5E21C424A7EF5100055A9D /* ProfileTableViewController.swift */ = {isa = PBXFileReference; lastKnownFileType = sourcecode.swift; path = ProfileTableViewController.swift; sourceTree = "<group>"; };
		FA5E21C624A7F61A00055A9D /* DetailsViewController.swift */ = {isa = PBXFileReference; lastKnownFileType = sourcecode.swift; path = DetailsViewController.swift; sourceTree = "<group>"; };
		FA5E21C924A8043E00055A9D /* EditProfileViewController.swift */ = {isa = PBXFileReference; lastKnownFileType = sourcecode.swift; path = EditProfileViewController.swift; sourceTree = "<group>"; };
		FADBC41024A5F4D00000C38A /* eMarkt.app */ = {isa = PBXFileReference; explicitFileType = wrapper.application; includeInIndex = 0; path = eMarkt.app; sourceTree = BUILT_PRODUCTS_DIR; };
		FADBC41324A5F4D00000C38A /* AppDelegate.swift */ = {isa = PBXFileReference; lastKnownFileType = sourcecode.swift; path = AppDelegate.swift; sourceTree = "<group>"; };
		FADBC41524A5F4D00000C38A /* SceneDelegate.swift */ = {isa = PBXFileReference; lastKnownFileType = sourcecode.swift; path = SceneDelegate.swift; sourceTree = "<group>"; };
		FADBC41A24A5F4D00000C38A /* Base */ = {isa = PBXFileReference; lastKnownFileType = file.storyboard; name = Base; path = Base.lproj/Main.storyboard; sourceTree = "<group>"; };
		FADBC41D24A5F4D10000C38A /* eMarkt.xcdatamodel */ = {isa = PBXFileReference; lastKnownFileType = wrapper.xcdatamodel; path = eMarkt.xcdatamodel; sourceTree = "<group>"; };
		FADBC41F24A5F4D40000C38A /* Assets.xcassets */ = {isa = PBXFileReference; lastKnownFileType = folder.assetcatalog; path = Assets.xcassets; sourceTree = "<group>"; };
		FADBC42224A5F4D40000C38A /* Base */ = {isa = PBXFileReference; lastKnownFileType = file.storyboard; name = Base; path = Base.lproj/LaunchScreen.storyboard; sourceTree = "<group>"; };
		FADBC42424A5F4D40000C38A /* Info.plist */ = {isa = PBXFileReference; lastKnownFileType = text.plist.xml; path = Info.plist; sourceTree = "<group>"; };
		FAF5986D24A602CD009B45B9 /* CategoryCollectionViewController.swift */ = {isa = PBXFileReference; lastKnownFileType = sourcecode.swift; path = CategoryCollectionViewController.swift; sourceTree = "<group>"; };
		FAF5986F24A60380009B45B9 /* CategoryCollectionViewCell.swift */ = {isa = PBXFileReference; lastKnownFileType = sourcecode.swift; path = CategoryCollectionViewCell.swift; sourceTree = "<group>"; };
		FAF5987124A6058A009B45B9 /* GoogleService-Info.plist */ = {isa = PBXFileReference; fileEncoding = 4; lastKnownFileType = text.plist.xml; path = "GoogleService-Info.plist"; sourceTree = "<group>"; };
		FAF5987324A606E0009B45B9 /* FirebaseCollectionReference.swift */ = {isa = PBXFileReference; lastKnownFileType = sourcecode.swift; path = FirebaseCollectionReference.swift; sourceTree = "<group>"; };
		FAF5987824A60A07009B45B9 /* Category.swift */ = {isa = PBXFileReference; lastKnownFileType = sourcecode.swift; path = Category.swift; sourceTree = "<group>"; };
		FAF5987B24A60BA5009B45B9 /* Constants.swift */ = {isa = PBXFileReference; lastKnownFileType = sourcecode.swift; path = Constants.swift; sourceTree = "<group>"; };
		FAF5987D24A63C76009B45B9 /* ItemsTableViewController.swift */ = {isa = PBXFileReference; lastKnownFileType = sourcecode.swift; path = ItemsTableViewController.swift; sourceTree = "<group>"; };
		FAF5987F24A63DE4009B45B9 /* Item.swift */ = {isa = PBXFileReference; lastKnownFileType = sourcecode.swift; path = Item.swift; sourceTree = "<group>"; };
		FAF5988124A6457D009B45B9 /* AddItemViewController.swift */ = {isa = PBXFileReference; lastKnownFileType = sourcecode.swift; path = AddItemViewController.swift; sourceTree = "<group>"; };
		FAF5988324A66721009B45B9 /* Reachability.swift */ = {isa = PBXFileReference; lastKnownFileType = sourcecode.swift; path = Reachability.swift; sourceTree = "<group>"; };
		FAF5988524A66862009B45B9 /* Downloader.swift */ = {isa = PBXFileReference; lastKnownFileType = sourcecode.swift; path = Downloader.swift; sourceTree = "<group>"; };
		FAF5988924A696C5009B45B9 /* ItemTableViewCell.swift */ = {isa = PBXFileReference; lastKnownFileType = sourcecode.swift; path = ItemTableViewCell.swift; sourceTree = "<group>"; };
		FAF5988B24A6A92F009B45B9 /* HelperFunctions.swift */ = {isa = PBXFileReference; lastKnownFileType = sourcecode.swift; path = HelperFunctions.swift; sourceTree = "<group>"; };
		FAF5988D24A6B0E0009B45B9 /* ItemViewController.swift */ = {isa = PBXFileReference; lastKnownFileType = sourcecode.swift; path = ItemViewController.swift; sourceTree = "<group>"; };
		FAF5988F24A6B457009B45B9 /* ImageCollectionViewCell.swift */ = {isa = PBXFileReference; lastKnownFileType = sourcecode.swift; path = ImageCollectionViewCell.swift; sourceTree = "<group>"; };
/* End PBXFileReference section */

/* Begin PBXFrameworksBuildPhase section */
		FADBC40D24A5F4D00000C38A /* Frameworks */ = {
			isa = PBXFrameworksBuildPhase;
			buildActionMask = 2147483647;
			files = (
				27066BEE4A20598B356D839F /* Pods_eMarkt.framework in Frameworks */,
			);
			runOnlyForDeploymentPostprocessing = 0;
		};
/* End PBXFrameworksBuildPhase section */

/* Begin PBXGroup section */
		659BB3474576721DE3C7BB52 /* Frameworks */ = {
			isa = PBXGroup;
			children = (
				99F4957980F6A9B45FADE531 /* Pods_eMarkt.framework */,
			);
			name = Frameworks;
			sourceTree = "<group>";
		};
		F98B09F14CA47785235741EF /* Pods */ = {
			isa = PBXGroup;
			children = (
				3F96A8BF17ED63806F309303 /* Pods-eMarkt.debug.xcconfig */,
				8DE8475DC468E70D43E637B0 /* Pods-eMarkt.release.xcconfig */,
			);
			path = Pods;
			sourceTree = "<group>";
		};
		FA5E21C824A7F65800055A9D /* Login View Folder */ = {
			isa = PBXGroup;
			children = (
				FA5E21C024A7CC7300055A9D /* WelcomeViewController.swift */,
				FA5E21C624A7F61A00055A9D /* DetailsViewController.swift */,
			);
			path = "Login View Folder";
			sourceTree = "<group>";
		};
		FA5E21CB24A8094700055A9D /* Profile View Folder */ = {
			isa = PBXGroup;
			children = (
				FA5E21C424A7EF5100055A9D /* ProfileTableViewController.swift */,
				FA5E21C924A8043E00055A9D /* EditProfileViewController.swift */,
			);
			path = "Profile View Folder";
			sourceTree = "<group>";
		};
		FADBC40724A5F4D00000C38A = {
			isa = PBXGroup;
			children = (
				FADBC41224A5F4D00000C38A /* eMarkt */,
				FADBC41124A5F4D00000C38A /* Products */,
				F98B09F14CA47785235741EF /* Pods */,
				659BB3474576721DE3C7BB52 /* Frameworks */,
			);
			sourceTree = "<group>";
		};
		FADBC41124A5F4D00000C38A /* Products */ = {
			isa = PBXGroup;
			children = (
				FADBC41024A5F4D00000C38A /* eMarkt.app */,
			);
			name = Products;
			sourceTree = "<group>";
		};
		FADBC41224A5F4D00000C38A /* eMarkt */ = {
			isa = PBXGroup;
			children = (
				FADBC41324A5F4D00000C38A /* AppDelegate.swift */,
				FADBC41524A5F4D00000C38A /* SceneDelegate.swift */,
				FADBC41924A5F4D00000C38A /* Main.storyboard */,
				FAF5987624A609D0009B45B9 /* Main Views */,
				FAF5987724A609DF009B45B9 /* Custom Cells */,
				FAF5987A24A60A0E009B45B9 /* Model */,
				FAF5987524A609C0009B45B9 /* Helpers */,
				FADBC41F24A5F4D40000C38A /* Assets.xcassets */,
				FADBC42124A5F4D40000C38A /* LaunchScreen.storyboard */,
				FADBC42424A5F4D40000C38A /* Info.plist */,
				FAF5987124A6058A009B45B9 /* GoogleService-Info.plist */,
				FADBC41C24A5F4D10000C38A /* eMarkt.xcdatamodeld */,
			);
			path = eMarkt;
			sourceTree = "<group>";
		};
		FAF5987524A609C0009B45B9 /* Helpers */ = {
			isa = PBXGroup;
			children = (
				FAF5987324A606E0009B45B9 /* FirebaseCollectionReference.swift */,
				FAF5987B24A60BA5009B45B9 /* Constants.swift */,
				FAF5988324A66721009B45B9 /* Reachability.swift */,
				FAF5988524A66862009B45B9 /* Downloader.swift */,
				FAF5988B24A6A92F009B45B9 /* HelperFunctions.swift */,
			);
			path = Helpers;
			sourceTree = "<group>";
		};
		FAF5987624A609D0009B45B9 /* Main Views */ = {
			isa = PBXGroup;
			children = (
				FAF5986D24A602CD009B45B9 /* CategoryCollectionViewController.swift */,
				FAF5987D24A63C76009B45B9 /* ItemsTableViewController.swift */,
				FAF5988124A6457D009B45B9 /* AddItemViewController.swift */,
				FAF5988D24A6B0E0009B45B9 /* ItemViewController.swift */,
				FA5E21BE24A79EF900055A9D /* BasketViewController.swift */,
				FA5E21C824A7F65800055A9D /* Login View Folder */,
				FA5E21CB24A8094700055A9D /* Profile View Folder */,
			);
			path = "Main Views";
			sourceTree = "<group>";
		};
		FAF5987724A609DF009B45B9 /* Custom Cells */ = {
			isa = PBXGroup;
			children = (
				FAF5986F24A60380009B45B9 /* CategoryCollectionViewCell.swift */,
				FAF5988924A696C5009B45B9 /* ItemTableViewCell.swift */,
				FAF5988F24A6B457009B45B9 /* ImageCollectionViewCell.swift */,
			);
			path = "Custom Cells";
			sourceTree = "<group>";
		};
		FAF5987A24A60A0E009B45B9 /* Model */ = {
			isa = PBXGroup;
			children = (
				FAF5987824A60A07009B45B9 /* Category.swift */,
				FAF5987F24A63DE4009B45B9 /* Item.swift */,
				FA5E21BC24A78AAC00055A9D /* Basket.swift */,
				FA5E21C224A7CEDA00055A9D /* MUser.swift */,
			);
			path = Model;
			sourceTree = "<group>";
		};
/* End PBXGroup section */

/* Begin PBXNativeTarget section */
		FADBC40F24A5F4D00000C38A /* eMarkt */ = {
			isa = PBXNativeTarget;
			buildConfigurationList = FADBC42724A5F4D40000C38A /* Build configuration list for PBXNativeTarget "eMarkt" */;
			buildPhases = (
				8961CDEBC6F138414B17F314 /* [CP] Check Pods Manifest.lock */,
				FADBC40C24A5F4D00000C38A /* Sources */,
				FADBC40D24A5F4D00000C38A /* Frameworks */,
				FADBC40E24A5F4D00000C38A /* Resources */,
				F801E3CC998B8BEB408F7D98 /* [CP] Embed Pods Frameworks */,
			);
			buildRules = (
			);
			dependencies = (
			);
			name = eMarkt;
			productName = eMarkt;
			productReference = FADBC41024A5F4D00000C38A /* eMarkt.app */;
			productType = "com.apple.product-type.application";
		};
/* End PBXNativeTarget section */

/* Begin PBXProject section */
		FADBC40824A5F4D00000C38A /* Project object */ = {
			isa = PBXProject;
			attributes = {
				LastSwiftUpdateCheck = 1150;
				LastUpgradeCheck = 1150;
				ORGANIZATIONNAME = "Alex Codreanu";
				TargetAttributes = {
					FADBC40F24A5F4D00000C38A = {
						CreatedOnToolsVersion = 11.5;
					};
				};
			};
			buildConfigurationList = FADBC40B24A5F4D00000C38A /* Build configuration list for PBXProject "eMarkt" */;
			compatibilityVersion = "Xcode 9.3";
			developmentRegion = en;
			hasScannedForEncodings = 0;
			knownRegions = (
				en,
				Base,
			);
			mainGroup = FADBC40724A5F4D00000C38A;
			productRefGroup = FADBC41124A5F4D00000C38A /* Products */;
			projectDirPath = "";
			projectRoot = "";
			targets = (
				FADBC40F24A5F4D00000C38A /* eMarkt */,
			);
		};
/* End PBXProject section */

/* Begin PBXResourcesBuildPhase section */
		FADBC40E24A5F4D00000C38A /* Resources */ = {
			isa = PBXResourcesBuildPhase;
			buildActionMask = 2147483647;
			files = (
				FADBC42324A5F4D40000C38A /* LaunchScreen.storyboard in Resources */,
				FAF5987224A6058A009B45B9 /* GoogleService-Info.plist in Resources */,
				FADBC42024A5F4D40000C38A /* Assets.xcassets in Resources */,
				FADBC41B24A5F4D00000C38A /* Main.storyboard in Resources */,
			);
			runOnlyForDeploymentPostprocessing = 0;
		};
/* End PBXResourcesBuildPhase section */

/* Begin PBXShellScriptBuildPhase section */
		8961CDEBC6F138414B17F314 /* [CP] Check Pods Manifest.lock */ = {
			isa = PBXShellScriptBuildPhase;
			buildActionMask = 2147483647;
			files = (
			);
			inputFileListPaths = (
			);
			inputPaths = (
				"${PODS_PODFILE_DIR_PATH}/Podfile.lock",
				"${PODS_ROOT}/Manifest.lock",
			);
			name = "[CP] Check Pods Manifest.lock";
			outputFileListPaths = (
			);
			outputPaths = (
				"$(DERIVED_FILE_DIR)/Pods-eMarkt-checkManifestLockResult.txt",
			);
			runOnlyForDeploymentPostprocessing = 0;
			shellPath = /bin/sh;
			shellScript = "diff \"${PODS_PODFILE_DIR_PATH}/Podfile.lock\" \"${PODS_ROOT}/Manifest.lock\" > /dev/null\nif [ $? != 0 ] ; then\n    # print error to STDERR\n    echo \"error: The sandbox is not in sync with the Podfile.lock. Run 'pod install' or update your CocoaPods installation.\" >&2\n    exit 1\nfi\n# This output is used by Xcode 'outputs' to avoid re-running this script phase.\necho \"SUCCESS\" > \"${SCRIPT_OUTPUT_FILE_0}\"\n";
			showEnvVarsInLog = 0;
		};
		F801E3CC998B8BEB408F7D98 /* [CP] Embed Pods Frameworks */ = {
			isa = PBXShellScriptBuildPhase;
			buildActionMask = 2147483647;
			files = (
			);
			inputFileListPaths = (
				"${PODS_ROOT}/Target Support Files/Pods-eMarkt/Pods-eMarkt-frameworks-${CONFIGURATION}-input-files.xcfilelist",
			);
			name = "[CP] Embed Pods Frameworks";
			outputFileListPaths = (
				"${PODS_ROOT}/Target Support Files/Pods-eMarkt/Pods-eMarkt-frameworks-${CONFIGURATION}-output-files.xcfilelist",
			);
			runOnlyForDeploymentPostprocessing = 0;
			shellPath = /bin/sh;
			shellScript = "\"${PODS_ROOT}/Target Support Files/Pods-eMarkt/Pods-eMarkt-frameworks.sh\"\n";
			showEnvVarsInLog = 0;
		};
/* End PBXShellScriptBuildPhase section */

/* Begin PBXSourcesBuildPhase section */
		FADBC40C24A5F4D00000C38A /* Sources */ = {
			isa = PBXSourcesBuildPhase;
			buildActionMask = 2147483647;
			files = (
				FAF5989024A6B457009B45B9 /* ImageCollectionViewCell.swift in Sources */,
				FA5E21C724A7F61A00055A9D /* DetailsViewController.swift in Sources */,
				FA5E21C124A7CC7300055A9D /* WelcomeViewController.swift in Sources */,
				FAF5988024A63DE4009B45B9 /* Item.swift in Sources */,
				FAF5988E24A6B0E0009B45B9 /* ItemViewController.swift in Sources */,
				FA5E21C324A7CEDA00055A9D /* MUser.swift in Sources */,
				FAF5987424A606E0009B45B9 /* FirebaseCollectionReference.swift in Sources */,
				FAF5988424A66721009B45B9 /* Reachability.swift in Sources */,
				FA5E21CA24A8043E00055A9D /* EditProfileViewController.swift in Sources */,
				FADBC41424A5F4D00000C38A /* AppDelegate.swift in Sources */,
				FAF5987024A60380009B45B9 /* CategoryCollectionViewCell.swift in Sources */,
				FAF5988C24A6A92F009B45B9 /* HelperFunctions.swift in Sources */,
				FADBC41624A5F4D00000C38A /* SceneDelegate.swift in Sources */,
				FAF5986E24A602CD009B45B9 /* CategoryCollectionViewController.swift in Sources */,
				FAF5987E24A63C76009B45B9 /* ItemsTableViewController.swift in Sources */,
				FAF5988624A66862009B45B9 /* Downloader.swift in Sources */,
				FADBC41E24A5F4D10000C38A /* eMarkt.xcdatamodeld in Sources */,
				FAF5987924A60A07009B45B9 /* Category.swift in Sources */,
				FA5E21BF24A79EF900055A9D /* BasketViewController.swift in Sources */,
				FAF5987C24A60BA5009B45B9 /* Constants.swift in Sources */,
				FA5E21BD24A78AAC00055A9D /* Basket.swift in Sources */,
				FAF5988A24A696C5009B45B9 /* ItemTableViewCell.swift in Sources */,
				FA5E21C524A7EF5100055A9D /* ProfileTableViewController.swift in Sources */,
				FAF5988224A6457D009B45B9 /* AddItemViewController.swift in Sources */,
			);
			runOnlyForDeploymentPostprocessing = 0;
		};
/* End PBXSourcesBuildPhase section */

/* Begin PBXVariantGroup section */
		FADBC41924A5F4D00000C38A /* Main.storyboard */ = {
			isa = PBXVariantGroup;
			children = (
				FADBC41A24A5F4D00000C38A /* Base */,
			);
			name = Main.storyboard;
			sourceTree = "<group>";
		};
		FADBC42124A5F4D40000C38A /* LaunchScreen.storyboard */ = {
			isa = PBXVariantGroup;
			children = (
				FADBC42224A5F4D40000C38A /* Base */,
			);
			name = LaunchScreen.storyboard;
			sourceTree = "<group>";
		};
/* End PBXVariantGroup section */

/* Begin XCBuildConfiguration section */
		FADBC42524A5F4D40000C38A /* Debug */ = {
			isa = XCBuildConfiguration;
			buildSettings = {
				ALWAYS_SEARCH_USER_PATHS = NO;
				CLANG_ANALYZER_NONNULL = YES;
				CLANG_ANALYZER_NUMBER_OBJECT_CONVERSION = YES_AGGRESSIVE;
				CLANG_CXX_LANGUAGE_STANDARD = "gnu++14";
				CLANG_CXX_LIBRARY = "libc++";
				CLANG_ENABLE_MODULES = YES;
				CLANG_ENABLE_OBJC_ARC = YES;
				CLANG_ENABLE_OBJC_WEAK = YES;
				CLANG_WARN_BLOCK_CAPTURE_AUTORELEASING = YES;
				CLANG_WARN_BOOL_CONVERSION = YES;
				CLANG_WARN_COMMA = YES;
				CLANG_WARN_CONSTANT_CONVERSION = YES;
				CLANG_WARN_DEPRECATED_OBJC_IMPLEMENTATIONS = YES;
				CLANG_WARN_DIRECT_OBJC_ISA_USAGE = YES_ERROR;
				CLANG_WARN_DOCUMENTATION_COMMENTS = YES;
				CLANG_WARN_EMPTY_BODY = YES;
				CLANG_WARN_ENUM_CONVERSION = YES;
				CLANG_WARN_INFINITE_RECURSION = YES;
				CLANG_WARN_INT_CONVERSION = YES;
				CLANG_WARN_NON_LITERAL_NULL_CONVERSION = YES;
				CLANG_WARN_OBJC_IMPLICIT_RETAIN_SELF = YES;
				CLANG_WARN_OBJC_LITERAL_CONVERSION = YES;
				CLANG_WARN_OBJC_ROOT_CLASS = YES_ERROR;
				CLANG_WARN_RANGE_LOOP_ANALYSIS = YES;
				CLANG_WARN_STRICT_PROTOTYPES = YES;
				CLANG_WARN_SUSPICIOUS_MOVE = YES;
				CLANG_WARN_UNGUARDED_AVAILABILITY = YES_AGGRESSIVE;
				CLANG_WARN_UNREACHABLE_CODE = YES;
				CLANG_WARN__DUPLICATE_METHOD_MATCH = YES;
				COPY_PHASE_STRIP = NO;
				DEBUG_INFORMATION_FORMAT = dwarf;
				ENABLE_STRICT_OBJC_MSGSEND = YES;
				ENABLE_TESTABILITY = YES;
				GCC_C_LANGUAGE_STANDARD = gnu11;
				GCC_DYNAMIC_NO_PIC = NO;
				GCC_NO_COMMON_BLOCKS = YES;
				GCC_OPTIMIZATION_LEVEL = 0;
				GCC_PREPROCESSOR_DEFINITIONS = (
					"DEBUG=1",
					"$(inherited)",
				);
				GCC_WARN_64_TO_32_BIT_CONVERSION = YES;
				GCC_WARN_ABOUT_RETURN_TYPE = YES_ERROR;
				GCC_WARN_UNDECLARED_SELECTOR = YES;
				GCC_WARN_UNINITIALIZED_AUTOS = YES_AGGRESSIVE;
				GCC_WARN_UNUSED_FUNCTION = YES;
				GCC_WARN_UNUSED_VARIABLE = YES;
				IPHONEOS_DEPLOYMENT_TARGET = 13.5;
				MTL_ENABLE_DEBUG_INFO = INCLUDE_SOURCE;
				MTL_FAST_MATH = YES;
				ONLY_ACTIVE_ARCH = YES;
				SDKROOT = iphoneos;
				SWIFT_ACTIVE_COMPILATION_CONDITIONS = DEBUG;
				SWIFT_OPTIMIZATION_LEVEL = "-Onone";
			};
			name = Debug;
		};
		FADBC42624A5F4D40000C38A /* Release */ = {
			isa = XCBuildConfiguration;
			buildSettings = {
				ALWAYS_SEARCH_USER_PATHS = NO;
				CLANG_ANALYZER_NONNULL = YES;
				CLANG_ANALYZER_NUMBER_OBJECT_CONVERSION = YES_AGGRESSIVE;
				CLANG_CXX_LANGUAGE_STANDARD = "gnu++14";
				CLANG_CXX_LIBRARY = "libc++";
				CLANG_ENABLE_MODULES = YES;
				CLANG_ENABLE_OBJC_ARC = YES;
				CLANG_ENABLE_OBJC_WEAK = YES;
				CLANG_WARN_BLOCK_CAPTURE_AUTORELEASING = YES;
				CLANG_WARN_BOOL_CONVERSION = YES;
				CLANG_WARN_COMMA = YES;
				CLANG_WARN_CONSTANT_CONVERSION = YES;
				CLANG_WARN_DEPRECATED_OBJC_IMPLEMENTATIONS = YES;
				CLANG_WARN_DIRECT_OBJC_ISA_USAGE = YES_ERROR;
				CLANG_WARN_DOCUMENTATION_COMMENTS = YES;
				CLANG_WARN_EMPTY_BODY = YES;
				CLANG_WARN_ENUM_CONVERSION = YES;
				CLANG_WARN_INFINITE_RECURSION = YES;
				CLANG_WARN_INT_CONVERSION = YES;
				CLANG_WARN_NON_LITERAL_NULL_CONVERSION = YES;
				CLANG_WARN_OBJC_IMPLICIT_RETAIN_SELF = YES;
				CLANG_WARN_OBJC_LITERAL_CONVERSION = YES;
				CLANG_WARN_OBJC_ROOT_CLASS = YES_ERROR;
				CLANG_WARN_RANGE_LOOP_ANALYSIS = YES;
				CLANG_WARN_STRICT_PROTOTYPES = YES;
				CLANG_WARN_SUSPICIOUS_MOVE = YES;
				CLANG_WARN_UNGUARDED_AVAILABILITY = YES_AGGRESSIVE;
				CLANG_WARN_UNREACHABLE_CODE = YES;
				CLANG_WARN__DUPLICATE_METHOD_MATCH = YES;
				COPY_PHASE_STRIP = NO;
				DEBUG_INFORMATION_FORMAT = "dwarf-with-dsym";
				ENABLE_NS_ASSERTIONS = NO;
				ENABLE_STRICT_OBJC_MSGSEND = YES;
				GCC_C_LANGUAGE_STANDARD = gnu11;
				GCC_NO_COMMON_BLOCKS = YES;
				GCC_WARN_64_TO_32_BIT_CONVERSION = YES;
				GCC_WARN_ABOUT_RETURN_TYPE = YES_ERROR;
				GCC_WARN_UNDECLARED_SELECTOR = YES;
				GCC_WARN_UNINITIALIZED_AUTOS = YES_AGGRESSIVE;
				GCC_WARN_UNUSED_FUNCTION = YES;
				GCC_WARN_UNUSED_VARIABLE = YES;
				IPHONEOS_DEPLOYMENT_TARGET = 13.5;
				MTL_ENABLE_DEBUG_INFO = NO;
				MTL_FAST_MATH = YES;
				SDKROOT = iphoneos;
				SWIFT_COMPILATION_MODE = wholemodule;
				SWIFT_OPTIMIZATION_LEVEL = "-O";
				VALIDATE_PRODUCT = YES;
			};
			name = Release;
		};
		FADBC42824A5F4D40000C38A /* Debug */ = {
			isa = XCBuildConfiguration;
			baseConfigurationReference = 3F96A8BF17ED63806F309303 /* Pods-eMarkt.debug.xcconfig */;
			buildSettings = {
				ASSETCATALOG_COMPILER_APPICON_NAME = AppIcon;
				CODE_SIGN_STYLE = Automatic;
				DEVELOPMENT_TEAM = 89425FL64W;
				INFOPLIST_FILE = eMarkt/Info.plist;
				LD_RUNPATH_SEARCH_PATHS = (
					"$(inherited)",
					"@executable_path/Frameworks",
				);
				PRODUCT_BUNDLE_IDENTIFIER = AC.eMarkt;
				PRODUCT_NAME = "$(TARGET_NAME)";
				SWIFT_VERSION = 5.0;
				TARGETED_DEVICE_FAMILY = "1,2";
			};
			name = Debug;
		};
		FADBC42924A5F4D40000C38A /* Release */ = {
			isa = XCBuildConfiguration;
			baseConfigurationReference = 8DE8475DC468E70D43E637B0 /* Pods-eMarkt.release.xcconfig */;
			buildSettings = {
				ASSETCATALOG_COMPILER_APPICON_NAME = AppIcon;
				CODE_SIGN_STYLE = Automatic;
				DEVELOPMENT_TEAM = 89425FL64W;
				INFOPLIST_FILE = eMarkt/Info.plist;
				LD_RUNPATH_SEARCH_PATHS = (
					"$(inherited)",
					"@executable_path/Frameworks",
				);
				PRODUCT_BUNDLE_IDENTIFIER = AC.eMarkt;
				PRODUCT_NAME = "$(TARGET_NAME)";
				SWIFT_VERSION = 5.0;
				TARGETED_DEVICE_FAMILY = "1,2";
			};
			name = Release;
		};
/* End XCBuildConfiguration section */

/* Begin XCConfigurationList section */
		FADBC40B24A5F4D00000C38A /* Build configuration list for PBXProject "eMarkt" */ = {
			isa = XCConfigurationList;
			buildConfigurations = (
				FADBC42524A5F4D40000C38A /* Debug */,
				FADBC42624A5F4D40000C38A /* Release */,
			);
			defaultConfigurationIsVisible = 0;
			defaultConfigurationName = Release;
		};
		FADBC42724A5F4D40000C38A /* Build configuration list for PBXNativeTarget "eMarkt" */ = {
			isa = XCConfigurationList;
			buildConfigurations = (
				FADBC42824A5F4D40000C38A /* Debug */,
				FADBC42924A5F4D40000C38A /* Release */,
			);
			defaultConfigurationIsVisible = 0;
			defaultConfigurationName = Release;
		};
/* End XCConfigurationList section */

/* Begin XCVersionGroup section */
		FADBC41C24A5F4D10000C38A /* eMarkt.xcdatamodeld */ = {
			isa = XCVersionGroup;
			children = (
				FADBC41D24A5F4D10000C38A /* eMarkt.xcdatamodel */,
			);
			currentVersion = FADBC41D24A5F4D10000C38A /* eMarkt.xcdatamodel */;
			path = eMarkt.xcdatamodeld;
			sourceTree = "<group>";
			versionGroupType = wrapper.xcdatamodel;
		};
/* End XCVersionGroup section */
	};
	rootObject = FADBC40824A5F4D00000C38A /* Project object */;
}
